
Microsoft Visual Studio Solution File, Format Version 12.00
# Visual Studio Version 16
VisualStudioVersion = 16.0.30907.101
MinimumVisualStudioVersion = 10.0.40219.1
Project("{FAE04EC0-301F-11D3-BF4B-00C04F79EFBC}") = "Uebung02", "Uebung02.csproj", "{7A06658B-AB1A-4503-8FD2-D942608176EB}"
EndProject
Global
	GlobalSection(SolutionConfigurationPlatforms) = preSolution
		Debug|Any CPU = Debug|Any CPU
		Release|Any CPU = Release|Any CPU
	EndGlobalSection
	GlobalSection(ProjectConfigurationPlatforms) = postSolution
		{7A06658B-AB1A-4503-8FD2-D942608176EB}.Debug|Any CPU.ActiveCfg = Debug|Any CPU
		{7A06658B-AB1A-4503-8FD2-D942608176EB}.Debug|Any CPU.Build.0 = Debug|Any CPU
		{7A06658B-AB1A-4503-8FD2-D942608176EB}.Release|Any CPU.ActiveCfg = Release|Any CPU
		{7A06658B-AB1A-4503-8FD2-D942608176EB}.Release|Any CPU.Build.0 = Release|Any CPU
	EndGlobalSection
	GlobalSection(SolutionProperties) = preSolution
		HideSolutionNode = FALSE
	EndGlobalSection
	GlobalSection(ExtensibilityGlobals) = postSolution
		SolutionGuid = {D0C0EEB9-704E-4708-9D80-49FB6975BEED}
	EndGlobalSection
EndGlobal
