
Microsoft Visual Studio Solution File, Format Version 12.00
# Visual Studio Version 16
VisualStudioVersion = 16.0.30907.101
MinimumVisualStudioVersion = 10.0.40219.1
Project("{FAE04EC0-301F-11D3-BF4B-00C04F79EFBC}") = "Uebung03", "Uebung03.csproj", "{77CAE7CC-2DA7-4C5B-BAF0-8310C9280516}"
EndProject
Global
	GlobalSection(SolutionConfigurationPlatforms) = preSolution
		Debug|Any CPU = Debug|Any CPU
		Release|Any CPU = Release|Any CPU
	EndGlobalSection
	GlobalSection(ProjectConfigurationPlatforms) = postSolution
		{77CAE7CC-2DA7-4C5B-BAF0-8310C9280516}.Debug|Any CPU.ActiveCfg = Debug|Any CPU
		{77CAE7CC-2DA7-4C5B-BAF0-8310C9280516}.Debug|Any CPU.Build.0 = Debug|Any CPU
		{77CAE7CC-2DA7-4C5B-BAF0-8310C9280516}.Release|Any CPU.ActiveCfg = Release|Any CPU
		{77CAE7CC-2DA7-4C5B-BAF0-8310C9280516}.Release|Any CPU.Build.0 = Release|Any CPU
	EndGlobalSection
	GlobalSection(SolutionProperties) = preSolution
		HideSolutionNode = FALSE
	EndGlobalSection
	GlobalSection(ExtensibilityGlobals) = postSolution
		SolutionGuid = {4B8E4227-C061-4E7E-95B9-76F05B0DF376}
	EndGlobalSection
EndGlobal
