
Microsoft Visual Studio Solution File, Format Version 12.00
# Visual Studio Version 16
VisualStudioVersion = 16.0.30907.101
MinimumVisualStudioVersion = 10.0.40219.1
Project("{FAE04EC0-301F-11D3-BF4B-00C04F79EFBC}") = "Uebung06", "Uebung06.csproj", "{572D7457-20EF-49C6-8565-DC14FD104F9A}"
EndProject
Global
	GlobalSection(SolutionConfigurationPlatforms) = preSolution
		Debug|Any CPU = Debug|Any CPU
		Release|Any CPU = Release|Any CPU
	EndGlobalSection
	GlobalSection(ProjectConfigurationPlatforms) = postSolution
		{572D7457-20EF-49C6-8565-DC14FD104F9A}.Debug|Any CPU.ActiveCfg = Debug|Any CPU
		{572D7457-20EF-49C6-8565-DC14FD104F9A}.Debug|Any CPU.Build.0 = Debug|Any CPU
		{572D7457-20EF-49C6-8565-DC14FD104F9A}.Release|Any CPU.ActiveCfg = Release|Any CPU
		{572D7457-20EF-49C6-8565-DC14FD104F9A}.Release|Any CPU.Build.0 = Release|Any CPU
	EndGlobalSection
	GlobalSection(SolutionProperties) = preSolution
		HideSolutionNode = FALSE
	EndGlobalSection
	GlobalSection(ExtensibilityGlobals) = postSolution
		SolutionGuid = {0C24FF04-DC20-413E-9696-C17A826F5689}
	EndGlobalSection
EndGlobal
