
Microsoft Visual Studio Solution File, Format Version 12.00
# Visual Studio Version 16
VisualStudioVersion = 16.0.30907.101
MinimumVisualStudioVersion = 10.0.40219.1
Project("{FAE04EC0-301F-11D3-BF4B-00C04F79EFBC}") = "Uebung10", "Uebung10.csproj", "{C074CE7D-965A-46CB-9520-956633D61B77}"
EndProject
Global
	GlobalSection(SolutionConfigurationPlatforms) = preSolution
		Debug|Any CPU = Debug|Any CPU
		Release|Any CPU = Release|Any CPU
	EndGlobalSection
	GlobalSection(ProjectConfigurationPlatforms) = postSolution
		{C074CE7D-965A-46CB-9520-956633D61B77}.Debug|Any CPU.ActiveCfg = Debug|Any CPU
		{C074CE7D-965A-46CB-9520-956633D61B77}.Debug|Any CPU.Build.0 = Debug|Any CPU
		{C074CE7D-965A-46CB-9520-956633D61B77}.Release|Any CPU.ActiveCfg = Release|Any CPU
		{C074CE7D-965A-46CB-9520-956633D61B77}.Release|Any CPU.Build.0 = Release|Any CPU
	EndGlobalSection
	GlobalSection(SolutionProperties) = preSolution
		HideSolutionNode = FALSE
	EndGlobalSection
	GlobalSection(ExtensibilityGlobals) = postSolution
		SolutionGuid = {A4BBB278-BF63-4AAE-AEA8-44F5CC7F4354}
	EndGlobalSection
EndGlobal
