
Microsoft Visual Studio Solution File, Format Version 12.00
# Visual Studio 2013
VisualStudioVersion = 12.0.21005.1
MinimumVisualStudioVersion = 10.0.40219.1
Project("{FAE04EC0-301F-11D3-BF4B-00C04F79EFBC}") = "08c_iteratoren", "08c_iteratoren\08c_iteratoren.csproj", "{80F2875D-1532-458C-9B57-DA1CC633D28C}"
EndProject
Global
	GlobalSection(SolutionConfigurationPlatforms) = preSolution
		Debug|Any CPU = Debug|Any CPU
		Release|Any CPU = Release|Any CPU
	EndGlobalSection
	GlobalSection(ProjectConfigurationPlatforms) = postSolution
		{80F2875D-1532-458C-9B57-DA1CC633D28C}.Debug|Any CPU.ActiveCfg = Debug|Any CPU
		{80F2875D-1532-458C-9B57-DA1CC633D28C}.Debug|Any CPU.Build.0 = Debug|Any CPU
		{80F2875D-1532-458C-9B57-DA1CC633D28C}.Release|Any CPU.ActiveCfg = Release|Any CPU
		{80F2875D-1532-458C-9B57-DA1CC633D28C}.Release|Any CPU.Build.0 = Release|Any CPU
	EndGlobalSection
	GlobalSection(SolutionProperties) = preSolution
		HideSolutionNode = FALSE
	EndGlobalSection
EndGlobal
