
Microsoft Visual Studio Solution File, Format Version 12.00
# Visual Studio Version 16
VisualStudioVersion = 16.0.30907.101
MinimumVisualStudioVersion = 10.0.40219.1
Project("{FAE04EC0-301F-11D3-BF4B-00C04F79EFBC}") = "Praktikum02", "Praktikum02.csproj", "{33C0A9AC-0BB4-4157-952B-227655937EE1}"
EndProject
Global
	GlobalSection(SolutionConfigurationPlatforms) = preSolution
		Debug|Any CPU = Debug|Any CPU
		Release|Any CPU = Release|Any CPU
	EndGlobalSection
	GlobalSection(ProjectConfigurationPlatforms) = postSolution
		{33C0A9AC-0BB4-4157-952B-227655937EE1}.Debug|Any CPU.ActiveCfg = Debug|Any CPU
		{33C0A9AC-0BB4-4157-952B-227655937EE1}.Debug|Any CPU.Build.0 = Debug|Any CPU
		{33C0A9AC-0BB4-4157-952B-227655937EE1}.Release|Any CPU.ActiveCfg = Release|Any CPU
		{33C0A9AC-0BB4-4157-952B-227655937EE1}.Release|Any CPU.Build.0 = Release|Any CPU
	EndGlobalSection
	GlobalSection(SolutionProperties) = preSolution
		HideSolutionNode = FALSE
	EndGlobalSection
	GlobalSection(ExtensibilityGlobals) = postSolution
		SolutionGuid = {39F71E10-1577-463E-B877-D9FBE23D8AC6}
	EndGlobalSection
EndGlobal
